// !$*UTF8*$!
{
	archiveVersion = 1;
	classes = {
	};
	objectVersion = 46;
	objects = {

/* Begin PBXBuildFile section */
		88CE827E1F717BA2002EF222 /* main.m in Sources */ = {isa = PBXBuildFile; fileRef = 88CE827D1F717BA2002EF222 /* main.m */; };
		88CE82811F717BA2002EF222 /* AppDelegate.m in Sources */ = {isa = PBXBuildFile; fileRef = 88CE82801F717BA2002EF222 /* AppDelegate.m */; };
		88CE82841F717BA2002EF222 /* ViewController.m in Sources */ = {isa = PBXBuildFile; fileRef = 88CE82831F717BA2002EF222 /* ViewController.m */; };
		88CE82871F717BA2002EF222 /* Main.storyboard in Resources */ = {isa = PBXBuildFile; fileRef = 88CE82851F717BA2002EF222 /* Main.storyboard */; };
		88CE82891F717BA2002EF222 /* Assets.xcassets in Resources */ = {isa = PBXBuildFile; fileRef = 88CE82881F717BA2002EF222 /* Assets.xcassets */; };
		88CE828C1F717BA2002EF222 /* LaunchScreen.storyboard in Resources */ = {isa = PBXBuildFile; fileRef = 88CE828A1F717BA2002EF222 /* LaunchScreen.storyboard */; };
		88CE82951F71901C002EF222 /* PlayerViewController.m in Sources */ = {isa = PBXBuildFile; fileRef = 88CE82941F71901C002EF222 /* PlayerViewController.m */; };
		88CE82981F71913B002EF222 /* Player.m in Sources */ = {isa = PBXBuildFile; fileRef = 88CE82971F71913B002EF222 /* Player.m */; };
		88CE829B1F719EE0002EF222 /* PlayerCell.m in Sources */ = {isa = PBXBuildFile; fileRef = 88CE829A1F719EE0002EF222 /* PlayerCell.m */; };
/* End PBXBuildFile section */

/* Begin PBXFileReference section */
		88CE82791F717BA2002EF222 /* Ratings.app */ = {isa = PBXFileReference; explicitFileType = wrapper.application; includeInIndex = 0; path = Ratings.app; sourceTree = BUILT_PRODUCTS_DIR; };
		88CE827D1F717BA2002EF222 /* main.m */ = {isa = PBXFileReference; lastKnownFileType = sourcecode.c.objc; path = main.m; sourceTree = "<group>"; };
		88CE827F1F717BA2002EF222 /* AppDelegate.h */ = {isa = PBXFileReference; lastKnownFileType = sourcecode.c.h; path = AppDelegate.h; sourceTree = "<group>"; };
		88CE82801F717BA2002EF222 /* AppDelegate.m */ = {isa = PBXFileReference; lastKnownFileType = sourcecode.c.objc; path = AppDelegate.m; sourceTree = "<group>"; };
		88CE82821F717BA2002EF222 /* ViewController.h */ = {isa = PBXFileReference; lastKnownFileType = sourcecode.c.h; path = ViewController.h; sourceTree = "<group>"; };
		88CE82831F717BA2002EF222 /* ViewController.m */ = {isa = PBXFileReference; lastKnownFileType = sourcecode.c.objc; path = ViewController.m; sourceTree = "<group>"; };
		88CE82861F717BA2002EF222 /* Base */ = {isa = PBXFileReference; lastKnownFileType = file.storyboard; name = Base; path = Base.lproj/Main.storyboard; sourceTree = "<group>"; };
		88CE82881F717BA2002EF222 /* Assets.xcassets */ = {isa = PBXFileReference; lastKnownFileType = folder.assetcatalog; path = Assets.xcassets; sourceTree = "<group>"; };
		88CE828B1F717BA2002EF222 /* Base */ = {isa = PBXFileReference; lastKnownFileType = file.storyboard; name = Base; path = Base.lproj/LaunchScreen.storyboard; sourceTree = "<group>"; };
		88CE828D1F717BA2002EF222 /* Info.plist */ = {isa = PBXFileReference; lastKnownFileType = text.plist.xml; path = Info.plist; sourceTree = "<group>"; };
		88CE82931F71901C002EF222 /* PlayerViewController.h */ = {isa = PBXFileReference; fileEncoding = 4; lastKnownFileType = sourcecode.c.h; path = PlayerViewController.h; sourceTree = "<group>"; };
		88CE82941F71901C002EF222 /* PlayerViewController.m */ = {isa = PBXFileReference; fileEncoding = 4; lastKnownFileType = sourcecode.c.objc; path = PlayerViewController.m; sourceTree = "<group>"; };
		88CE82961F71913B002EF222 /* Player.h */ = {isa = PBXFileReference; fileEncoding = 4; lastKnownFileType = sourcecode.c.h; path = Player.h; sourceTree = "<group>"; };
		88CE82971F71913B002EF222 /* Player.m */ = {isa = PBXFileReference; fileEncoding = 4; lastKnownFileType = sourcecode.c.objc; path = Player.m; sourceTree = "<group>"; };
		88CE82991F719EE0002EF222 /* PlayerCell.h */ = {isa = PBXFileReference; fileEncoding = 4; lastKnownFileType = sourcecode.c.h; path = PlayerCell.h; sourceTree = "<group>"; };
		88CE829A1F719EE0002EF222 /* PlayerCell.m */ = {isa = PBXFileReference; fileEncoding = 4; lastKnownFileType = sourcecode.c.objc; path = PlayerCell.m; sourceTree = "<group>"; };
/* End PBXFileReference section */

/* Begin PBXFrameworksBuildPhase section */
		88CE82761F717BA2002EF222 /* Frameworks */ = {
			isa = PBXFrameworksBuildPhase;
			buildActionMask = 2147483647;
			files = (
			);
			runOnlyForDeploymentPostprocessing = 0;
		};
/* End PBXFrameworksBuildPhase section */

/* Begin PBXGroup section */
		88CE82701F717BA2002EF222 = {
			isa = PBXGroup;
			children = (
				88CE827B1F717BA2002EF222 /* Ratings */,
				88CE827A1F717BA2002EF222 /* Products */,
			);
			sourceTree = "<group>";
		};
		88CE827A1F717BA2002EF222 /* Products */ = {
			isa = PBXGroup;
			children = (
				88CE82791F717BA2002EF222 /* Ratings.app */,
			);
			name = Products;
			sourceTree = "<group>";
		};
		88CE827B1F717BA2002EF222 /* Ratings */ = {
			isa = PBXGroup;
			children = (
				88CE827F1F717BA2002EF222 /* AppDelegate.h */,
				88CE82801F717BA2002EF222 /* AppDelegate.m */,
				88CE82821F717BA2002EF222 /* ViewController.h */,
				88CE82831F717BA2002EF222 /* ViewController.m */,
				88CE82851F717BA2002EF222 /* Main.storyboard */,
				88CE82881F717BA2002EF222 /* Assets.xcassets */,
				88CE828A1F717BA2002EF222 /* LaunchScreen.storyboard */,
				88CE828D1F717BA2002EF222 /* Info.plist */,
				88CE827C1F717BA2002EF222 /* Supporting Files */,
				88CE82931F71901C002EF222 /* PlayerViewController.h */,
				88CE82941F71901C002EF222 /* PlayerViewController.m */,
				88CE82961F71913B002EF222 /* Player.h */,
				88CE82971F71913B002EF222 /* Player.m */,
				88CE82991F719EE0002EF222 /* PlayerCell.h */,
				88CE829A1F719EE0002EF222 /* PlayerCell.m */,
			);
			path = Ratings;
			sourceTree = "<group>";
		};
		88CE827C1F717BA2002EF222 /* Supporting Files */ = {
			isa = PBXGroup;
			children = (
				88CE827D1F717BA2002EF222 /* main.m */,
			);
			name = "Supporting Files";
			sourceTree = "<group>";
		};
/* End PBXGroup section */

/* Begin PBXNativeTarget section */
		88CE82781F717BA2002EF222 /* Ratings */ = {
			isa = PBXNativeTarget;
			buildConfigurationList = 88CE82901F717BA2002EF222 /* Build configuration list for PBXNativeTarget "Ratings" */;
			buildPhases = (
				88CE82751F717BA2002EF222 /* Sources */,
				88CE82761F717BA2002EF222 /* Frameworks */,
				88CE82771F717BA2002EF222 /* Resources */,
			);
			buildRules = (
			);
			dependencies = (
			);
			name = Ratings;
			productName = Ratings;
			productReference = 88CE82791F717BA2002EF222 /* Ratings.app */;
			productType = "com.apple.product-type.application";
		};
/* End PBXNativeTarget section */

/* Begin PBXProject section */
		88CE82711F717BA2002EF222 /* Project object */ = {
			isa = PBXProject;
			attributes = {
				LastUpgradeCheck = 0830;
				ORGANIZATIONNAME = "Jaison Bhatti";
				TargetAttributes = {
					88CE82781F717BA2002EF222 = {
						CreatedOnToolsVersion = 8.3.3;
						ProvisioningStyle = Automatic;
					};
				};
			};
			buildConfigurationList = 88CE82741F717BA2002EF222 /* Build configuration list for PBXProject "Ratings" */;
			compatibilityVersion = "Xcode 3.2";
			developmentRegion = English;
			hasScannedForEncodings = 0;
			knownRegions = (
				en,
				Base,
			);
			mainGroup = 88CE82701F717BA2002EF222;
			productRefGroup = 88CE827A1F717BA2002EF222 /* Products */;
			projectDirPath = "";
			projectRoot = "";
			targets = (
				88CE82781F717BA2002EF222 /* Ratings */,
			);
		};
/* End PBXProject section */

/* Begin PBXResourcesBuildPhase section */
		88CE82771F717BA2002EF222 /* Resources */ = {
			isa = PBXResourcesBuildPhase;
			buildActionMask = 2147483647;
			files = (
				88CE828C1F717BA2002EF222 /* LaunchScreen.storyboard in Resources */,
				88CE82891F717BA2002EF222 /* Assets.xcassets in Resources */,
				88CE82871F717BA2002EF222 /* Main.storyboard in Resources */,
			);
			runOnlyForDeploymentPostprocessing = 0;
		};
/* End PBXResourcesBuildPhase section */

/* Begin PBXSourcesBuildPhase section */
		88CE82751F717BA2002EF222 /* Sources */ = {
			isa = PBXSourcesBuildPhase;
			buildActionMask = 2147483647;
			files = (
				88CE82841F717BA2002EF222 /* ViewController.m in Sources */,
				88CE82951F71901C002EF222 /* PlayerViewController.m in Sources */,
				88CE82811F717BA2002EF222 /* AppDelegate.m in Sources */,
				88CE827E1F717BA2002EF222 /* main.m in Sources */,
				88CE829B1F719EE0002EF222 /* PlayerCell.m in Sources */,
				88CE82981F71913B002EF222 /* Player.m in Sources */,
			);
			runOnlyForDeploymentPostprocessing = 0;
		};
/* End PBXSourcesBuildPhase section */

/* Begin PBXVariantGroup section */
		88CE82851F717BA2002EF222 /* Main.storyboard */ = {
			isa = PBXVariantGroup;
			children = (
				88CE82861F717BA2002EF222 /* Base */,
			);
			name = Main.storyboard;
			sourceTree = "<group>";
		};
		88CE828A1F717BA2002EF222 /* LaunchScreen.storyboard */ = {
			isa = PBXVariantGroup;
			children = (
				88CE828B1F717BA2002EF222 /* Base */,
			);
			name = LaunchScreen.storyboard;
			sourceTree = "<group>";
		};
/* End PBXVariantGroup section */

/* Begin XCBuildConfiguration section */
		88CE828E1F717BA2002EF222 /* Debug */ = {
			isa = XCBuildConfiguration;
			buildSettings = {
				ALWAYS_SEARCH_USER_PATHS = NO;
				CLANG_ANALYZER_NONNULL = YES;
				CLANG_ANALYZER_NUMBER_OBJECT_CONVERSION = YES_AGGRESSIVE;
				CLANG_CXX_LANGUAGE_STANDARD = "gnu++0x";
				CLANG_CXX_LIBRARY = "libc++";
				CLANG_ENABLE_MODULES = YES;
				CLANG_ENABLE_OBJC_ARC = YES;
				CLANG_WARN_BOOL_CONVERSION = YES;
				CLANG_WARN_CONSTANT_CONVERSION = YES;
				CLANG_WARN_DIRECT_OBJC_ISA_USAGE = YES_ERROR;
				CLANG_WARN_DOCUMENTATION_COMMENTS = YES;
				CLANG_WARN_EMPTY_BODY = YES;
				CLANG_WARN_ENUM_CONVERSION = YES;
				CLANG_WARN_INFINITE_RECURSION = YES;
				CLANG_WARN_INT_CONVERSION = YES;
				CLANG_WARN_OBJC_ROOT_CLASS = YES_ERROR;
				CLANG_WARN_SUSPICIOUS_MOVE = YES;
				CLANG_WARN_UNREACHABLE_CODE = YES;
				CLANG_WARN__DUPLICATE_METHOD_MATCH = YES;
				"CODE_SIGN_IDENTITY[sdk=iphoneos*]" = "iPhone Developer";
				COPY_PHASE_STRIP = NO;
				DEBUG_INFORMATION_FORMAT = dwarf;
				ENABLE_STRICT_OBJC_MSGSEND = YES;
				ENABLE_TESTABILITY = YES;
				GCC_C_LANGUAGE_STANDARD = gnu99;
				GCC_DYNAMIC_NO_PIC = NO;
				GCC_NO_COMMON_BLOCKS = YES;
				GCC_OPTIMIZATION_LEVEL = 0;
				GCC_PREPROCESSOR_DEFINITIONS = (
					"DEBUG=1",
					"$(inherited)",
				);
				GCC_WARN_64_TO_32_BIT_CONVERSION = YES;
				GCC_WARN_ABOUT_RETURN_TYPE = YES_ERROR;
				GCC_WARN_UNDECLARED_SELECTOR = YES;
				GCC_WARN_UNINITIALIZED_AUTOS = YES_AGGRESSIVE;
				GCC_WARN_UNUSED_FUNCTION = YES;
				GCC_WARN_UNUSED_VARIABLE = YES;
				IPHONEOS_DEPLOYMENT_TARGET = 10.3;
				MTL_ENABLE_DEBUG_INFO = YES;
				ONLY_ACTIVE_ARCH = YES;
				SDKROOT = iphoneos;
			};
			name = Debug;
		};
		88CE828F1F717BA2002EF222 /* Release */ = {
			isa = XCBuildConfiguration;
			buildSettings = {
				ALWAYS_SEARCH_USER_PATHS = NO;
				CLANG_ANALYZER_NONNULL = YES;
				CLANG_ANALYZER_NUMBER_OBJECT_CONVERSION = YES_AGGRESSIVE;
				CLANG_CXX_LANGUAGE_STANDARD = "gnu++0x";
				CLANG_CXX_LIBRARY = "libc++";
				CLANG_ENABLE_MODULES = YES;
				CLANG_ENABLE_OBJC_ARC = YES;
				CLANG_WARN_BOOL_CONVERSION = YES;
				CLANG_WARN_CONSTANT_CONVERSION = YES;
				CLANG_WARN_DIRECT_OBJC_ISA_USAGE = YES_ERROR;
				CLANG_WARN_DOCUMENTATION_COMMENTS = YES;
				CLANG_WARN_EMPTY_BODY = YES;
				CLANG_WARN_ENUM_CONVERSION = YES;
				CLANG_WARN_INFINITE_RECURSION = YES;
				CLANG_WARN_INT_CONVERSION = YES;
				CLANG_WARN_OBJC_ROOT_CLASS = YES_ERROR;
				CLANG_WARN_SUSPICIOUS_MOVE = YES;
				CLANG_WARN_UNREACHABLE_CODE = YES;
				CLANG_WARN__DUPLICATE_METHOD_MATCH = YES;
				"CODE_SIGN_IDENTITY[sdk=iphoneos*]" = "iPhone Developer";
				COPY_PHASE_STRIP = NO;
				DEBUG_INFORMATION_FORMAT = "dwarf-with-dsym";
				ENABLE_NS_ASSERTIONS = NO;
				ENABLE_STRICT_OBJC_MSGSEND = YES;
				GCC_C_LANGUAGE_STANDARD = gnu99;
				GCC_NO_COMMON_BLOCKS = YES;
				GCC_WARN_64_TO_32_BIT_CONVERSION = YES;
				GCC_WARN_ABOUT_RETURN_TYPE = YES_ERROR;
				GCC_WARN_UNDECLARED_SELECTOR = YES;
				GCC_WARN_UNINITIALIZED_AUTOS = YES_AGGRESSIVE;
				GCC_WARN_UNUSED_FUNCTION = YES;
				GCC_WARN_UNUSED_VARIABLE = YES;
				IPHONEOS_DEPLOYMENT_TARGET = 10.3;
				MTL_ENABLE_DEBUG_INFO = NO;
				SDKROOT = iphoneos;
				VALIDATE_PRODUCT = YES;
			};
			name = Release;
		};
		88CE82911F717BA2002EF222 /* Debug */ = {
			isa = XCBuildConfiguration;
			buildSettings = {
				ASSETCATALOG_COMPILER_APPICON_NAME = AppIcon;
				INFOPLIST_FILE = Ratings/Info.plist;
				LD_RUNPATH_SEARCH_PATHS = "$(inherited) @executable_path/Frameworks";
				PRODUCT_BUNDLE_IDENTIFIER = com.jaisonbhatti.Ratings;
				PRODUCT_NAME = "$(TARGET_NAME)";
			};
			name = Debug;
		};
		88CE82921F717BA2002EF222 /* Release */ = {
			isa = XCBuildConfiguration;
			buildSettings = {
				ASSETCATALOG_COMPILER_APPICON_NAME = AppIcon;
				INFOPLIST_FILE = Ratings/Info.plist;
				LD_RUNPATH_SEARCH_PATHS = "$(inherited) @executable_path/Frameworks";
				PRODUCT_BUNDLE_IDENTIFIER = com.jaisonbhatti.Ratings;
				PRODUCT_NAME = "$(TARGET_NAME)";
			};
			name = Release;
		};
/* End XCBuildConfiguration section */

/* Begin XCConfigurationList section */
		88CE82741F717BA2002EF222 /* Build configuration list for PBXProject "Ratings" */ = {
			isa = XCConfigurationList;
			buildConfigurations = (
				88CE828E1F717BA2002EF222 /* Debug */,
				88CE828F1F717BA2002EF222 /* Release */,
			);
			defaultConfigurationIsVisible = 0;
			defaultConfigurationName = Release;
		};
		88CE82901F717BA2002EF222 /* Build configuration list for PBXNativeTarget "Ratings" */ = {
			isa = XCConfigurationList;
			buildConfigurations = (
				88CE82911F717BA2002EF222 /* Debug */,
				88CE82921F717BA2002EF222 /* Release */,
			);
			defaultConfigurationIsVisible = 0;
		};
/* End XCConfigurationList section */
	};
	rootObject = 88CE82711F717BA2002EF222 /* Project object */;
}
